// !$*UTF8*$!
{
	archiveVersion = 1;
	classes = {
	};
	objectVersion = 46;
	objects = {

/* Begin PBXBuildFile section */
		1D60589F0D05DD5A006BFB54 /* Foundation.framework in Frameworks */ = {isa = PBXBuildFile; fileRef = 1D30AB110D05D00D00671497 /* Foundation.framework */; };
		1DF5F4E00D08C38300B7A737 /* UIKit.framework in Frameworks */ = {isa = PBXBuildFile; fileRef = 1DF5F4DF0D08C38300B7A737 /* UIKit.framework */; };
		23F20A6F17981E8D00726E7E /* main.m in Sources */ = {isa = PBXBuildFile; fileRef = 23F20A6E17981E8D00726E7E /* main.m */; };
		2860E328111B887F00E27156 /* AppDelegate.m in Sources */ = {isa = PBXBuildFile; fileRef = 2860E326111B887F00E27156 /* AppDelegate.m */; };
		288765FD0DF74451002DB57D /* CoreGraphics.framework in Frameworks */ = {isa = PBXBuildFile; fileRef = 288765FC0DF74451002DB57D /* CoreGraphics.framework */; };
		899E8854130C39BC00F0E7D8 /* PeonySlider.m in Sources */ = {isa = PBXBuildFile; fileRef = 899E8853130C39BC00F0E7D8 /* PeonySlider.m */; };
		982F67E41797EB1200A8EB83 /* PeonySlider.storyboard in Resources */ = {isa = PBXBuildFile; fileRef = 982F67E31797EB1200A8EB83 /* PeonySlider.storyboard */; };
		982F67E71797EBAB00A8EB83 /* PeonyViewController.m in Sources */ = {isa = PBXBuildFile; fileRef = 982F67E61797EBAB00A8EB83 /* PeonyViewController.m */; };
		FAA0016E16E19A1E00260842 /* Default-568h@2x.png in Resources */ = {isa = PBXBuildFile; fileRef = FAA0016D16E19A1E00260842 /* Default-568h@2x.png */; };
		FAA0017216E1A38900260842 /* fillrange.png in Resources */ = {isa = PBXBuildFile; fileRef = FAA0016F16E1A38900260842 /* fillrange.png */; };
		FAA0017316E1A38900260842 /* fullrange.png in Resources */ = {isa = PBXBuildFile; fileRef = FAA0017016E1A38900260842 /* fullrange.png */; };
		FAA0017416E1A38900260842 /* rangethumb.png in Resources */ = {isa = PBXBuildFile; fileRef = FAA0017116E1A38900260842 /* rangethumb.png */; };
/* End PBXBuildFile section */

/* Begin PBXFileReference section */
		1D30AB110D05D00D00671497 /* Foundation.framework */ = {isa = PBXFileReference; lastKnownFileType = wrapper.framework; name = Foundation.framework; path = System/Library/Frameworks/Foundation.framework; sourceTree = SDKROOT; };
		1D6058910D05DD3D006BFB54 /* PeonySlider.app */ = {isa = PBXFileReference; explicitFileType = wrapper.application; includeInIndex = 0; path = PeonySlider.app; sourceTree = BUILT_PRODUCTS_DIR; };
		1DF5F4DF0D08C38300B7A737 /* UIKit.framework */ = {isa = PBXFileReference; lastKnownFileType = wrapper.framework; name = UIKit.framework; path = System/Library/Frameworks/UIKit.framework; sourceTree = SDKROOT; };
		23F20A6E17981E8D00726E7E /* main.m */ = {isa = PBXFileReference; fileEncoding = 4; lastKnownFileType = sourcecode.c.objc; path = main.m; sourceTree = "<group>"; };
		2860E325111B887F00E27156 /* AppDelegate.h */ = {isa = PBXFileReference; fileEncoding = 4; lastKnownFileType = sourcecode.c.h; path = AppDelegate.h; sourceTree = "<group>"; };
		2860E326111B887F00E27156 /* AppDelegate.m */ = {isa = PBXFileReference; fileEncoding = 4; lastKnownFileType = sourcecode.c.objc; path = AppDelegate.m; sourceTree = "<group>"; };
		288765FC0DF74451002DB57D /* CoreGraphics.framework */ = {isa = PBXFileReference; lastKnownFileType = wrapper.framework; name = CoreGraphics.framework; path = System/Library/Frameworks/CoreGraphics.framework; sourceTree = SDKROOT; };
		32CA4F630368D1EE00C91783 /* PeonySlider_Prefix.pch */ = {isa = PBXFileReference; fileEncoding = 4; lastKnownFileType = sourcecode.c.h; path = PeonySlider_Prefix.pch; sourceTree = "<group>"; };
		899E8852130C39BC00F0E7D8 /* PeonySlider.h */ = {isa = PBXFileReference; fileEncoding = 4; lastKnownFileType = sourcecode.c.h; path = PeonySlider.h; sourceTree = "<group>"; };
		899E8853130C39BC00F0E7D8 /* PeonySlider.m */ = {isa = PBXFileReference; fileEncoding = 4; lastKnownFileType = sourcecode.c.objc; path = PeonySlider.m; sourceTree = "<group>"; };
		8D1107310486CEB800E47090 /* PeonySlider-Info.plist */ = {isa = PBXFileReference; fileEncoding = 4; lastKnownFileType = text.plist.xml; path = "PeonySlider-Info.plist"; plistStructureDefinitionIdentifier = "com.apple.xcode.plist.structure-definition.iphone.info-plist"; sourceTree = "<group>"; };
		982F67E31797EB1200A8EB83 /* PeonySlider.storyboard */ = {isa = PBXFileReference; fileEncoding = 4; lastKnownFileType = file.storyboard; path = PeonySlider.storyboard; sourceTree = "<group>"; };
		982F67E51797EBAB00A8EB83 /* PeonyViewController.h */ = {isa = PBXFileReference; fileEncoding = 4; lastKnownFileType = sourcecode.c.h; path = PeonyViewController.h; sourceTree = "<group>"; };
		982F67E61797EBAB00A8EB83 /* PeonyViewController.m */ = {isa = PBXFileReference; fileEncoding = 4; lastKnownFileType = sourcecode.c.objc; path = PeonyViewController.m; sourceTree = "<group>"; };
		FAA0016D16E19A1E00260842 /* Default-568h@2x.png */ = {isa = PBXFileReference; lastKnownFileType = image.png; path = "Default-568h@2x.png"; sourceTree = "<group>"; };
		FAA0016F16E1A38900260842 /* fillrange.png */ = {isa = PBXFileReference; lastKnownFileType = image.png; path = fillrange.png; sourceTree = "<group>"; };
		FAA0017016E1A38900260842 /* fullrange.png */ = {isa = PBXFileReference; lastKnownFileType = image.png; path = fullrange.png; sourceTree = "<group>"; };
		FAA0017116E1A38900260842 /* rangethumb.png */ = {isa = PBXFileReference; lastKnownFileType = image.png; path = rangethumb.png; sourceTree = "<group>"; };
/* End PBXFileReference section */

/* Begin PBXFrameworksBuildPhase section */
		1D60588F0D05DD3D006BFB54 /* Frameworks */ = {
			isa = PBXFrameworksBuildPhase;
			buildActionMask = 2147483647;
			files = (
				1D60589F0D05DD5A006BFB54 /* Foundation.framework in Frameworks */,
				1DF5F4E00D08C38300B7A737 /* UIKit.framework in Frameworks */,
				288765FD0DF74451002DB57D /* CoreGraphics.framework in Frameworks */,
			);
			runOnlyForDeploymentPostprocessing = 0;
		};
/* End PBXFrameworksBuildPhase section */

/* Begin PBXGroup section */
		19C28FACFE9D520D11CA2CBB /* Products */ = {
			isa = PBXGroup;
			children = (
				1D6058910D05DD3D006BFB54 /* PeonySlider.app */,
			);
			name = Products;
			sourceTree = "<group>";
		};
		2860E324111B887F00E27156 /* iPhone */ = {
			isa = PBXGroup;
			children = (
				23F20A6E17981E8D00726E7E /* main.m */,
				2860E325111B887F00E27156 /* AppDelegate.h */,
				2860E326111B887F00E27156 /* AppDelegate.m */,
				982F67E51797EBAB00A8EB83 /* PeonyViewController.h */,
				982F67E61797EBAB00A8EB83 /* PeonyViewController.m */,
				982F67E31797EB1200A8EB83 /* PeonySlider.storyboard */,
				FAA0016F16E1A38900260842 /* fillrange.png */,
				FAA0017016E1A38900260842 /* fullrange.png */,
				FAA0017116E1A38900260842 /* rangethumb.png */,
				899E8852130C39BC00F0E7D8 /* PeonySlider.h */,
				899E8853130C39BC00F0E7D8 /* PeonySlider.m */,
			);
			path = iPhone;
			sourceTree = "<group>";
		};
		29B97314FDCFA39411CA2CEA /* CustomTemplate */ = {
			isa = PBXGroup;
			children = (
				FAA0016D16E19A1E00260842 /* Default-568h@2x.png */,
				2860E324111B887F00E27156 /* iPhone */,
				29B97315FDCFA39411CA2CEA /* Other Sources */,
				29B97323FDCFA39411CA2CEA /* Frameworks */,
				19C28FACFE9D520D11CA2CBB /* Products */,
			);
			name = CustomTemplate;
			sourceTree = "<group>";
		};
		29B97315FDCFA39411CA2CEA /* Other Sources */ = {
			isa = PBXGroup;
			children = (
				8D1107310486CEB800E47090 /* PeonySlider-Info.plist */,
				32CA4F630368D1EE00C91783 /* PeonySlider_Prefix.pch */,
			);
			name = "Other Sources";
			sourceTree = "<group>";
		};
		29B97323FDCFA39411CA2CEA /* Frameworks */ = {
			isa = PBXGroup;
			children = (
				1DF5F4DF0D08C38300B7A737 /* UIKit.framework */,
				1D30AB110D05D00D00671497 /* Foundation.framework */,
				288765FC0DF74451002DB57D /* CoreGraphics.framework */,
			);
			name = Frameworks;
			sourceTree = "<group>";
		};
/* End PBXGroup section */

/* Begin PBXNativeTarget section */
		1D6058900D05DD3D006BFB54 /* PeonySlider */ = {
			isa = PBXNativeTarget;
			buildConfigurationList = 1D6058960D05DD3E006BFB54 /* Build configuration list for PBXNativeTarget "PeonySlider" */;
			buildPhases = (
				1D60588D0D05DD3D006BFB54 /* Resources */,
				1D60588E0D05DD3D006BFB54 /* Sources */,
				1D60588F0D05DD3D006BFB54 /* Frameworks */,
			);
			buildRules = (
			);
			dependencies = (
			);
			name = PeonySlider;
			productName = RangeSlider;
			productReference = 1D6058910D05DD3D006BFB54 /* PeonySlider.app */;
			productType = "com.apple.product-type.application";
		};
/* End PBXNativeTarget section */

/* Begin PBXProject section */
		29B97313FDCFA39411CA2CEA /* Project object */ = {
			isa = PBXProject;
			attributes = {
				LastUpgradeCheck = 0460;
			};
			buildConfigurationList = C01FCF4E08A954540054247B /* Build configuration list for PBXProject "PeonySlider" */;
			compatibilityVersion = "Xcode 3.2";
			developmentRegion = English;
			hasScannedForEncodings = 1;
			knownRegions = (
				English,
				Japanese,
				French,
				German,
			);
			mainGroup = 29B97314FDCFA39411CA2CEA /* CustomTemplate */;
			projectDirPath = "";
			projectRoot = "";
			targets = (
				1D6058900D05DD3D006BFB54 /* PeonySlider */,
			);
		};
/* End PBXProject section */

/* Begin PBXResourcesBuildPhase section */
		1D60588D0D05DD3D006BFB54 /* Resources */ = {
			isa = PBXResourcesBuildPhase;
			buildActionMask = 2147483647;
			files = (
				FAA0016E16E19A1E00260842 /* Default-568h@2x.png in Resources */,
				FAA0017216E1A38900260842 /* fillrange.png in Resources */,
				FAA0017316E1A38900260842 /* fullrange.png in Resources */,
				FAA0017416E1A38900260842 /* rangethumb.png in Resources */,
				982F67E41797EB1200A8EB83 /* PeonySlider.storyboard in Resources */,
			);
			runOnlyForDeploymentPostprocessing = 0;
		};
/* End PBXResourcesBuildPhase section */

/* Begin PBXSourcesBuildPhase section */
		1D60588E0D05DD3D006BFB54 /* Sources */ = {
			isa = PBXSourcesBuildPhase;
			buildActionMask = 2147483647;
			files = (
				2860E328111B887F00E27156 /* AppDelegate.m in Sources */,
				899E8854130C39BC00F0E7D8 /* PeonySlider.m in Sources */,
				982F67E71797EBAB00A8EB83 /* PeonyViewController.m in Sources */,
				23F20A6F17981E8D00726E7E /* main.m in Sources */,
			);
			runOnlyForDeploymentPostprocessing = 0;
		};
/* End PBXSourcesBuildPhase section */

/* Begin XCBuildConfiguration section */
		1D6058940D05DD3E006BFB54 /* Debug */ = {
			isa = XCBuildConfiguration;
			buildSettings = {
				ALWAYS_SEARCH_USER_PATHS = NO;
				CLANG_ENABLE_OBJC_ARC = YES;
				COPY_PHASE_STRIP = NO;
				GCC_DYNAMIC_NO_PIC = NO;
				GCC_OPTIMIZATION_LEVEL = 0;
				GCC_PRECOMPILE_PREFIX_HEADER = YES;
				GCC_PREFIX_HEADER = PeonySlider_Prefix.pch;
				INFOPLIST_FILE = "PeonySlider-Info.plist";
				IPHONEOS_DEPLOYMENT_TARGET = 6.0;
				PRODUCT_NAME = PeonySlider;
				SDKROOT = iphoneos;
			};
			name = Debug;
		};
		1D6058950D05DD3E006BFB54 /* Release */ = {
			isa = XCBuildConfiguration;
			buildSettings = {
				ALWAYS_SEARCH_USER_PATHS = NO;
				CLANG_ENABLE_OBJC_ARC = YES;
				COPY_PHASE_STRIP = YES;
				GCC_PRECOMPILE_PREFIX_HEADER = YES;
				GCC_PREFIX_HEADER = PeonySlider_Prefix.pch;
				INFOPLIST_FILE = "PeonySlider-Info.plist";
				IPHONEOS_DEPLOYMENT_TARGET = 6.0;
				PRODUCT_NAME = PeonySlider;
				SDKROOT = iphoneos;
				VALIDATE_PRODUCT = YES;
			};
			name = Release;
		};
		C01FCF4F08A954540054247B /* Debug */ = {
			isa = XCBuildConfiguration;
			buildSettings = {
				ARCHS = "$(ARCHS_STANDARD_32_BIT)";
				CLANG_ENABLE_OBJC_ARC = YES;
				"CODE_SIGN_IDENTITY[sdk=iphoneos*]" = "iPhone Developer";
				GCC_C_LANGUAGE_STANDARD = c99;
				GCC_WARN_ABOUT_RETURN_TYPE = YES;
				GCC_WARN_UNUSED_VARIABLE = YES;
				IPHONEOS_DEPLOYMENT_TARGET = 3.2;
				SDKROOT = iphoneos;
				TARGETED_DEVICE_FAMILY = "1,2";
			};
			name = Debug;
		};
		C01FCF5008A954540054247B /* Release */ = {
			isa = XCBuildConfiguration;
			buildSettings = {
				ARCHS = "$(ARCHS_STANDARD_32_BIT)";
				CLANG_ENABLE_OBJC_ARC = YES;
				"CODE_SIGN_IDENTITY[sdk=iphoneos*]" = "iPhone Developer";
				GCC_C_LANGUAGE_STANDARD = c99;
				GCC_WARN_ABOUT_RETURN_TYPE = YES;
				GCC_WARN_UNUSED_VARIABLE = YES;
				IPHONEOS_DEPLOYMENT_TARGET = 3.2;
				OTHER_CFLAGS = "-DNS_BLOCK_ASSERTIONS=1";
				SDKROOT = iphoneos;
				TARGETED_DEVICE_FAMILY = "1,2";
			};
			name = Release;
		};
/* End XCBuildConfiguration section */

/* Begin XCConfigurationList section */
		1D6058960D05DD3E006BFB54 /* Build configuration list for PBXNativeTarget "PeonySlider" */ = {
			isa = XCConfigurationList;
			buildConfigurations = (
				1D6058940D05DD3E006BFB54 /* Debug */,
				1D6058950D05DD3E006BFB54 /* Release */,
			);
			defaultConfigurationIsVisible = 0;
			defaultConfigurationName = Release;
		};
		C01FCF4E08A954540054247B /* Build configuration list for PBXProject "PeonySlider" */ = {
			isa = XCConfigurationList;
			buildConfigurations = (
				C01FCF4F08A954540054247B /* Debug */,
				C01FCF5008A954540054247B /* Release */,
			);
			defaultConfigurationIsVisible = 0;
			defaultConfigurationName = Release;
		};
/* End XCConfigurationList section */
	};
	rootObject = 29B97313FDCFA39411CA2CEA /* Project object */;
}
